
Microsoft Visual Studio Solution File, Format Version 12.00
# Visual Studio Version 17
VisualStudioVersion = 17.2.32519.379
MinimumVisualStudioVersion = 10.0.40219.1
Project("{FAE04EC0-301F-11D3-BF4B-00C04F79EFBC}") = "ProceduralMaterialCombiner", "ProceduralMaterialCombiner\ProceduralMaterialCombiner.csproj", "{13F6AEE9-BCAB-402E-ABA3-77FF4AC94B9E}"
EndProject
Global
	GlobalSection(SolutionConfigurationPlatforms) = preSolution
		Debug|Any CPU = Debug|Any CPU
		Release|Any CPU = Release|Any CPU
	EndGlobalSection
	GlobalSection(ProjectConfigurationPlatforms) = postSolution
		{13F6AEE9-BCAB-402E-ABA3-77FF4AC94B9E}.Debug|Any CPU.ActiveCfg = Debug|Any CPU
		{13F6AEE9-BCAB-402E-ABA3-77FF4AC94B9E}.Debug|Any CPU.Build.0 = Debug|Any CPU
		{13F6AEE9-BCAB-402E-ABA3-77FF4AC94B9E}.Release|Any CPU.ActiveCfg = Release|Any CPU
		{13F6AEE9-BCAB-402E-ABA3-77FF4AC94B9E}.Release|Any CPU.Build.0 = Release|Any CPU
	EndGlobalSection
	GlobalSection(SolutionProperties) = preSolution
		HideSolutionNode = FALSE
	EndGlobalSection
	GlobalSection(ExtensibilityGlobals) = postSolution
		SolutionGuid = {6C3B9AED-39DC-410A-BFA2-32CAE755058F}
	EndGlobalSection
EndGlobal
